
Microsoft Visual Studio Solution File, Format Version 12.00
# Visual Studio Version 16
VisualStudioVersion = 16.0.32510.428
MinimumVisualStudioVersion = 10.0.40219.1
Project("{9A19103F-16F7-4668-BE54-9A1E7A4F7556}") = "Business", "Business\Business.csproj", "{9CAD20FB-EBC3-4062-8872-E118B562F561}"
EndProject
Project("{9A19103F-16F7-4668-BE54-9A1E7A4F7556}") = "DataAccess", "DataAccess\DataAccess.csproj", "{C8B9AD57-378A-47EC-8B9B-A50EAD051881}"
EndProject
Project("{9A19103F-16F7-4668-BE54-9A1E7A4F7556}") = "Entities", "Entities\Entities.csproj", "{5EE355E2-5923-49A4-9BD8-02D7E1A52C3E}"
EndProject
Project("{9A19103F-16F7-4668-BE54-9A1E7A4F7556}") = "ConsoleUI", "ConsoleUI\ConsoleUI.csproj", "{EA6C63DF-D2D4-4851-91ED-2B3AB82FC2EE}"
EndProject
Project("{FAE04EC0-301F-11D3-BF4B-00C04F79EFBC}") = "Core", "Core\Core.csproj", "{F9EA1B53-C8BF-4B04-9A70-2E178C6EE97D}"
EndProject
Global
	GlobalSection(SolutionConfigurationPlatforms) = preSolution
		Debug|Any CPU = Debug|Any CPU
		Release|Any CPU = Release|Any CPU
	EndGlobalSection
	GlobalSection(ProjectConfigurationPlatforms) = postSolution
		{9CAD20FB-EBC3-4062-8872-E118B562F561}.Debug|Any CPU.ActiveCfg = Debug|Any CPU
		{9CAD20FB-EBC3-4062-8872-E118B562F561}.Debug|Any CPU.Build.0 = Debug|Any CPU
		{9CAD20FB-EBC3-4062-8872-E118B562F561}.Release|Any CPU.ActiveCfg = Release|Any CPU
		{9CAD20FB-EBC3-4062-8872-E118B562F561}.Release|Any CPU.Build.0 = Release|Any CPU
		{C8B9AD57-378A-47EC-8B9B-A50EAD051881}.Debug|Any CPU.ActiveCfg = Debug|Any CPU
		{C8B9AD57-378A-47EC-8B9B-A50EAD051881}.Debug|Any CPU.Build.0 = Debug|Any CPU
		{C8B9AD57-378A-47EC-8B9B-A50EAD051881}.Release|Any CPU.ActiveCfg = Release|Any CPU
		{C8B9AD57-378A-47EC-8B9B-A50EAD051881}.Release|Any CPU.Build.0 = Release|Any CPU
		{5EE355E2-5923-49A4-9BD8-02D7E1A52C3E}.Debug|Any CPU.ActiveCfg = Debug|Any CPU
		{5EE355E2-5923-49A4-9BD8-02D7E1A52C3E}.Debug|Any CPU.Build.0 = Debug|Any CPU
		{5EE355E2-5923-49A4-9BD8-02D7E1A52C3E}.Release|Any CPU.ActiveCfg = Release|Any CPU
		{5EE355E2-5923-49A4-9BD8-02D7E1A52C3E}.Release|Any CPU.Build.0 = Release|Any CPU
		{EA6C63DF-D2D4-4851-91ED-2B3AB82FC2EE}.Debug|Any CPU.ActiveCfg = Debug|Any CPU
		{EA6C63DF-D2D4-4851-91ED-2B3AB82FC2EE}.Debug|Any CPU.Build.0 = Debug|Any CPU
		{EA6C63DF-D2D4-4851-91ED-2B3AB82FC2EE}.Release|Any CPU.ActiveCfg = Release|Any CPU
		{EA6C63DF-D2D4-4851-91ED-2B3AB82FC2EE}.Release|Any CPU.Build.0 = Release|Any CPU
		{F9EA1B53-C8BF-4B04-9A70-2E178C6EE97D}.Debug|Any CPU.ActiveCfg = Debug|Any CPU
		{F9EA1B53-C8BF-4B04-9A70-2E178C6EE97D}.Debug|Any CPU.Build.0 = Debug|Any CPU
		{F9EA1B53-C8BF-4B04-9A70-2E178C6EE97D}.Release|Any CPU.ActiveCfg = Release|Any CPU
		{F9EA1B53-C8BF-4B04-9A70-2E178C6EE97D}.Release|Any CPU.Build.0 = Release|Any CPU
	EndGlobalSection
	GlobalSection(SolutionProperties) = preSolution
		HideSolutionNode = FALSE
	EndGlobalSection
	GlobalSection(ExtensibilityGlobals) = postSolution
		SolutionGuid = {6C70B959-35C7-4563-A92E-7D70BB78F155}
	EndGlobalSection
EndGlobal
